
Microsoft Visual Studio Solution File, Format Version 12.00
# Visual Studio Version 17
VisualStudioVersion = 17.1.31911.260
MinimumVisualStudioVersion = 10.0.40219.1
Project("{9A19103F-16F7-4668-BE54-9A1E7A4F7556}") = "congestion-tax-calculator-net-core", "congestion-tax-calculator-net-core.csproj", "{3CF1E2DF-EAC0-46F6-92B3-DAF21AFA4297}"
EndProject
Project("{FAE04EC0-301F-11D3-BF4B-00C04F79EFBC}") = "tax-calculator.api", "..\tax-calculator.api\tax-calculator.api.csproj", "{57E1CAAE-1866-48E3-B91F-03096922F716}"
EndProject
Project("{FAE04EC0-301F-11D3-BF4B-00C04F79EFBC}") = "tax-calculator.test", "..\tax-calculator.test\tax-calculator.test.csproj", "{D85DF601-C391-4919-9F1B-301B577FEEC4}"
EndProject
Global
	GlobalSection(SolutionConfigurationPlatforms) = preSolution
		Debug|Any CPU = Debug|Any CPU
		Release|Any CPU = Release|Any CPU
	EndGlobalSection
	GlobalSection(ProjectConfigurationPlatforms) = postSolution
		{3CF1E2DF-EAC0-46F6-92B3-DAF21AFA4297}.Debug|Any CPU.ActiveCfg = Debug|Any CPU
		{3CF1E2DF-EAC0-46F6-92B3-DAF21AFA4297}.Debug|Any CPU.Build.0 = Debug|Any CPU
		{3CF1E2DF-EAC0-46F6-92B3-DAF21AFA4297}.Release|Any CPU.ActiveCfg = Release|Any CPU
		{3CF1E2DF-EAC0-46F6-92B3-DAF21AFA4297}.Release|Any CPU.Build.0 = Release|Any CPU
		{57E1CAAE-1866-48E3-B91F-03096922F716}.Debug|Any CPU.ActiveCfg = Debug|Any CPU
		{57E1CAAE-1866-48E3-B91F-03096922F716}.Debug|Any CPU.Build.0 = Debug|Any CPU
		{57E1CAAE-1866-48E3-B91F-03096922F716}.Release|Any CPU.ActiveCfg = Release|Any CPU
		{57E1CAAE-1866-48E3-B91F-03096922F716}.Release|Any CPU.Build.0 = Release|Any CPU
		{D85DF601-C391-4919-9F1B-301B577FEEC4}.Debug|Any CPU.ActiveCfg = Debug|Any CPU
		{D85DF601-C391-4919-9F1B-301B577FEEC4}.Debug|Any CPU.Build.0 = Debug|Any CPU
		{D85DF601-C391-4919-9F1B-301B577FEEC4}.Release|Any CPU.ActiveCfg = Release|Any CPU
		{D85DF601-C391-4919-9F1B-301B577FEEC4}.Release|Any CPU.Build.0 = Release|Any CPU
	EndGlobalSection
	GlobalSection(SolutionProperties) = preSolution
		HideSolutionNode = FALSE
	EndGlobalSection
	GlobalSection(ExtensibilityGlobals) = postSolution
		SolutionGuid = {7FFF976F-705B-4AA2-8328-D3E350C4E26A}
	EndGlobalSection
EndGlobal
